{
    "_meta": {
        "hash": {
            "sha256": "6a6eb6e195df5d438c0dd15684432f1b2f31d0e1227045c6a506db0847a80f27"
        },
        "pipfile-spec": 6,
        "requires": {
            "python_version": "3.10"
        },
        "sources": [
            {
                "name": "pypi",
                "url": "https://pypi.org/simple",
                "verify_ssl": true
            }
        ]
    },
    "default": {
        "easysnmp": {
            "hashes": [
                "sha256:081b1d11662c94a621867514c5111484039011945c83eb0b25778c3992c1fdaa",
                "sha256:41273ce4e073847441eb9e9b576d3018c11916fa6ef33dbdbe995830c9711bf3",
                "sha256:6600d7be6a01e7339887e01e99651cc3654bacf5579660ad25a92f874a5c2f31",
                "sha256:6eed5df81a2fff46aa8035bfdc66fda1da525e7cd7159676ab264f1ab3a55897",
                "sha256:8326df1bc8d9cdb29e3e43d55d56cb24c0d98f6997a7a1571f32815e8bdfef15",
                "sha256:9fc6dee930f31d34cf37153dccc2df343afc3aaa2cd35bf0d54250f61b6f7d96",
                "sha256:a2f772217278cf7e4176ae25c171f44533b5e31d8f6c88202ea99a08a806aeb7",
                "sha256:a57b2fe7c8f49b0bacb12214f0fb952ffed4a40326faa30dc417f04a68d2fb2d",
                "sha256:d50fe515e5f5e04967deabddf56f343727a0c223013342e9ac96db6cc36a14e1",
                "sha256:d5e98cbbe57b8198c0e79cec1d6c0ef567f91375f2e720a001db8990363958d5",
                "sha256:e1df508e28aa055bd7deeb13394d7821b6d341a9eacce5aefbc4a8c143801ff8",
                "sha256:e6a2e97cd69fdb73a92f626a56ff022f909884e65dc1958ce9d77677aa69af57",
                "sha256:e7a1a0f7b9672a132b22a486117781285c22faa5fe55d9a53e57ba79eb28f92e",
                "sha256:f76feb57e2649ae38ccfd5fd03d695b35734c1217151ca5d868fd0efe5849c46"
            ],
            "index": "pypi",
            "version": "==0.2.6"
        },
        "graphviz": {
            "hashes": [
                "sha256:587c58a223b51611c0cf461132da386edd896a029524ca61a1462b880bf97977",
                "sha256:8c58f14adaa3b947daf26c19bc1e98c4e0702cdc31cf99153e6f06904d492bf8"
            ],
            "index": "pypi",
            "version": "==0.20.1"
        },
        "netaddr": {
            "hashes": [
                "sha256:9666d0232c32d2656e5e5f8d735f58fd6c7457ce52fc21c98d45f2af78f990ac",
                "sha256:d6cc57c7a07b1d9d2e917aa8b36ae8ce61c35ba3fcd1b83ca31c5a0ee2b5a243"
            ],
            "index": "pypi",
            "version": "==0.8.0"
        },
        "networkx": {
            "hashes": [
                "sha256:4f33f68cb2afcf86f28a45f43efc27a9386b535d567d2127f8f61d51dec58d36",
                "sha256:de346335408f84de0eada6ff9fafafff9bcda11f0a0dfaa931133debb146ab61"
            ],
            "index": "pypi",
            "version": "==3.1"
        },
        "ply": {
            "hashes": [
                "sha256:00c7c1aaa88358b9c765b6d3000c6eec0ba42abca5351b095321aef446081da3",
                "sha256:096f9b8350b65ebd2fd1346b12452efe5b9607f7482813ffca50c22722a807ce"
            ],
            "version": "==3.11"
        },
        "pyasn1": {
            "hashes": [
                "sha256:014c0e9976956a08139dc0712ae195324a75e142284d5f87f1a87ee1b068a359",
                "sha256:03840c999ba71680a131cfaee6fab142e1ed9bbd9c693e285cc6aca0d555e576",
                "sha256:0458773cfe65b153891ac249bcf1b5f8f320b7c2ce462151f8fa74de8934becf",
                "sha256:08c3c53b75eaa48d71cf8c710312316392ed40899cb34710d092e96745a358b7",
                "sha256:39c7e2ec30515947ff4e87fb6f456dfc6e84857d34be479c9d4a4ba4bf46aa5d",
                "sha256:5c9414dcfede6e441f7e8f81b43b34e834731003427e5b09e4e00e3172a10f00",
                "sha256:6e7545f1a61025a4e58bb336952c5061697da694db1cae97b116e9c46abcf7c8",
                "sha256:78fa6da68ed2727915c4767bb386ab32cdba863caa7dbe473eaae45f9959da86",
                "sha256:7ab8a544af125fb704feadb008c99a88805126fb525280b2270bb25cc1d78a12",
                "sha256:99fcc3c8d804d1bc6d9a099921e39d827026409a58f2a720dcdb89374ea0c776",
                "sha256:aef77c9fb94a3ac588e87841208bdec464471d9871bd5050a287cc9a475cd0ba",
                "sha256:e89bf84b5437b532b0803ba5c9a5e054d21fec423a89952a74f87fa2c9b7bce2",
                "sha256:fec3e9d8e36808a28efb59b489e4528c10ad0f480e57dcc32b4de5c9d8c9fdf3"
            ],
            "index": "pypi",
            "version": "==0.4.8"
        },
        "pycryptodomex": {
            "hashes": [
                "sha256:160a39a708c36fa0b168ab79386dede588e62aec06eb505add870739329aecc6",
                "sha256:192306cf881fe3467dda0e174a4f47bb3a8bb24b90c9cdfbdc248eec5fc0578c",
                "sha256:1949e09ea49b09c36d11a951b16ff2a05a0ffe969dda1846e4686ee342fe8646",
                "sha256:215be2980a6b70704c10796dd7003eb4390e7be138ac6fb8344bf47e71a8d470",
                "sha256:27072a494ce621cc7a9096bbf60ed66826bb94db24b49b7359509e7951033e74",
                "sha256:2dc4eab20f4f04a2d00220fdc9258717b82d31913552e766d5f00282c031b70a",
                "sha256:302a8f37c224e7b5d72017d462a2be058e28f7be627bdd854066e16722d0fc0c",
                "sha256:3d9314ac785a5b75d5aaf924c5f21d6ca7e8df442e5cf4f0fefad4f6e284d422",
                "sha256:3e3ecb5fe979e7c1bb0027e518340acf7ee60415d79295e5251d13c68dde576e",
                "sha256:4d9379c684efea80fdab02a3eb0169372bca7db13f9332cb67483b8dc8b67c37",
                "sha256:50308fcdbf8345e5ec224a5502b4215178bdb5e95456ead8ab1a69ffd94779cb",
                "sha256:5594a125dae30d60e94f37797fc67ce3c744522de7992c7c360d02fdb34918f8",
                "sha256:58fc0aceb9c961b9897facec9da24c6a94c5db04597ec832060f53d4d6a07196",
                "sha256:6421d23d6a648e83ba2670a352bcd978542dad86829209f59d17a3f087f4afef",
                "sha256:6875eb8666f68ddbd39097867325bd22771f595b4e2b0149739b5623c8bf899b",
                "sha256:6ed3606832987018615f68e8ed716a7065c09a0fe94afd7c9ca1b6777f0ac6eb",
                "sha256:71687eed47df7e965f6e0bf3cadef98f368d5221f0fb89d2132effe1a3e6a194",
                "sha256:73d64b32d84cf48d9ec62106aa277dbe99ab5fbfd38c5100bc7bddd3beb569f7",
                "sha256:75672205148bdea34669173366df005dbd52be05115e919551ee97171083423d",
                "sha256:76f0a46bee539dae4b3dfe37216f678769349576b0080fdbe431d19a02da42ff",
                "sha256:8ff129a5a0eb5ff16e45ca4fa70a6051da7f3de303c33b259063c19be0c43d35",
                "sha256:ac614363a86cc53d8ba44b6c469831d1555947e69ab3276ae8d6edc219f570f7",
                "sha256:ba95abd563b0d1b88401658665a260852a8e6c647026ee6a0a65589287681df8",
                "sha256:bbdcce0a226d9205560a5936b05208c709b01d493ed8307792075dedfaaffa5f",
                "sha256:bec6c80994d4e7a38312072f89458903b65ec99bed2d65aa4de96d997a53ea7a",
                "sha256:c2953afebf282a444c51bf4effe751706b4d0d63d7ca2cc51db21f902aa5b84e",
                "sha256:d35a8ffdc8b05e4b353ba281217c8437f02c57d7233363824e9d794cf753c419",
                "sha256:d56c9ec41258fd3734db9f5e4d2faeabe48644ba9ca23b18e1839b3bdf093222",
                "sha256:d84e105787f5e5d36ec6a581ff37a1048d12e638688074b2a00bcf402f9aa1c2",
                "sha256:e00a4bacb83a2627e8210cb353a2e31f04befc1155db2976e5e239dd66482278",
                "sha256:f237278836dda412a325e9340ba2e6a84cb0f56b9244781e5b61f10b3905de88",
                "sha256:f9ab5ef0718f6a8716695dea16d83b671b22c45e9c0c78fd807c32c0192e54b5"
            ],
            "markers": "python_version >= '2.7' and python_version not in '3.0, 3.1, 3.2, 3.3, 3.4'",
            "version": "==3.18.0"
        },
        "pysmi": {
            "hashes": [
                "sha256:13d937620529468d34d525089abbd569f3b34dd808085d34586e63fbbda40fdb",
                "sha256:2ec6ebd41aaef562695e7d0058763c6e1e8c1fbf8710804c11ef3a857fc9cad7",
                "sha256:6e8524b80c6641bb9d81319e54bb0b75f47543e7d3bc7e8f12dcda960d7359c8",
                "sha256:7203220305bab6a20e2811fca927031440d3b1f9a4a1a5a2a12c033b911dc594",
                "sha256:817c572dc8262a4b2ccff34b27e42ee55e48f74be42d22308b637aa236ce1785",
                "sha256:887f34233d284a3298f67e2e01db0af8817f358501c724f02175ae53a1f4f106",
                "sha256:9d989714a8ad40253b1adbb410067c339b4c77ecd004daa071055e200fe9a798",
                "sha256:9fb837bb5662b11cce8d44e2dfff8604b97276ff9614aa74d5a33d1cea96d627",
                "sha256:abbd70efb8cf24d6c0bc782c996cd38f0c4905714edf8d03acbaa8ccd9c74eb7",
                "sha256:bd15a15020aee8376cab5be264c26330824a8b8164ed0195bd402dd59e4e8f7c",
                "sha256:d6688b6121b71f18ca19040bfd27feca5f7a502598de953ec09a8e3f06c36a4e",
                "sha256:e4dc8155ccf2b7eaf96aef4b31f7558ce1cf41b3bb27d0cbe341b3c157531088",
                "sha256:ed44154e5d247edfad09bbe24a398cec54b6c393df2fa5103cf59ccf9278855a"
            ],
            "version": "==0.3.4"
        },
        "pysnmp": {
            "hashes": [
                "sha256:0c3dbef2f958caca96071fe5c19de43e9c1b0484ab02a0cf08b190bcee768ba9",
                "sha256:13177be8030bbc751d94b1f844cb8d8c2d62844dfd86383576e20f09864427b2",
                "sha256:396b80187e6175481982b83f87d2de28c7068937d6772b5e2679cb56853bf7d7",
                "sha256:3fa5f96a47986658564fa5c4a75b9ea617397729028f2a40b88972139a3e67f7",
                "sha256:5459b70e849eb4d14bd4c8e475fc67bfa4cd6676fc53aa2f307194319ce77602",
                "sha256:578bb1dab0e67dfc583a61f721a9f6378c51b576ed6a90b229aefd60a9f965f6",
                "sha256:5e48994f48c5800022fff5d380976d88fcd27c17f1635ea4ef1d52796b1acd08",
                "sha256:8019dba728fbb5216645e1c1bd7bccaf25e938243d5dc7e28dbcc6ac029ff8b9",
                "sha256:89ef66e511a0f770ec9bc7df8bebe6bebb3a3dc3b7394b7d408e42f92f74458b",
                "sha256:c8d8a403e45a752daefed4635044b137c4390c68ffef54307e2390d8ac9e62e4",
                "sha256:ce2f260a41a107f08264a53c74940e0ad8ae7e35d9e10f33746716ac5c028592",
                "sha256:d90946c5d7c55b1ddc03e065a99a2ed36e748dcf166ca04ee4126b8f25fc057a",
                "sha256:e41b7dbd7e54030dd99a0780728bac3335f4d95c3f28f9b8df827f6075b8ccec"
            ],
            "index": "pypi",
            "version": "==4.4.12"
        },
        "pysnmp-mibs": {
            "hashes": [
                "sha256:00fa321ca598e8a14c0ad98702bf10fb5e9d57b7d06bb99dc818fea07683720c",
                "sha256:17c6cdfeb0baeeb4522d594ea603168f4874e4610c26a86fe7118e3e35fde30a",
                "sha256:46b2585133feed9ac330af9bc8edb696de851e736210aa76817ee66d57ecbb1a",
                "sha256:4d0435567697012fe1df9bd89bdcd35924f7558830ebd3d032b3d409758aa531",
                "sha256:5e153ebe8e767c07940cea435f866c623ff6b2376155c7da75085b08d3774d48",
                "sha256:6c57a79385e529a8f3f5a5cb6895c1d95fe4dfe7175fdae5adb2bdcca40c4ba4",
                "sha256:6feedf6f182b265bf165f0eb920e57019cfc515d006f9ff10ad3e1ff348ef027",
                "sha256:84d0121cd96457890cca88418b44bf1b84f348c2260f04997ba4cfb2e8110935",
                "sha256:af6ba8b3926d75f803383cbe3890975d70c30ce932297b1fa6bc9b3b1484abc8",
                "sha256:d027ce1fee831f5e2d816b701687060cf3fddaae71810f36cedf11be3b0c1bbe",
                "sha256:eb2bf8e918bcb6403484526c6da0ae7bfe037012e6ea0207a984bf7dd4e36a8d"
            ],
            "index": "pypi",
            "version": "==0.1.6"
        },
        "python3-netsnmp": {
            "hashes": [
                "sha256:317dd425036a6af87fea4f242ceea73312a385552588629f009662162aa5535f"
            ],
            "index": "pypi",
            "version": "==1.1a1"
        },
        "tabulate": {
            "hashes": [
                "sha256:0095b12bf5966de529c0feb1fa08671671b3368eec77d7ef7ab114be2c068b3c",
                "sha256:024ca478df22e9340661486f85298cff5f6dcdba14f3813e8830015b9ed1948f"
            ],
            "index": "pypi",
            "version": "==0.9.0"
        }
    },
    "develop": {}
}
